
Microsoft Visual Studio Solution File, Format Version 12.00
# Visual Studio Version 16
VisualStudioVersion = 16.0.31321.278
MinimumVisualStudioVersion = 10.0.40219.1
Project("{FAE04EC0-301F-11D3-BF4B-00C04F79EFBC}") = "FileCopyUtility", "FileCopyUtility\FileCopyUtility.csproj", "{CE29CF79-9996-4A03-B0F4-8DD8E741D450}"
EndProject
Project("{FAE04EC0-301F-11D3-BF4B-00C04F79EFBC}") = "FileCopyLibrary", "FileCopyLibrary\FileCopyLibrary.csproj", "{6587E951-33AF-45B8-8CCA-783D4B8D316B}"
EndProject
Global
	GlobalSection(SolutionConfigurationPlatforms) = preSolution
		Debug|Any CPU = Debug|Any CPU
		Debug|x86 = Debug|x86
		Release|Any CPU = Release|Any CPU
		Release|x86 = Release|x86
	EndGlobalSection
	GlobalSection(ProjectConfigurationPlatforms) = postSolution
		{CE29CF79-9996-4A03-B0F4-8DD8E741D450}.Debug|Any CPU.ActiveCfg = Debug|Any CPU
		{CE29CF79-9996-4A03-B0F4-8DD8E741D450}.Debug|Any CPU.Build.0 = Debug|Any CPU
		{CE29CF79-9996-4A03-B0F4-8DD8E741D450}.Debug|x86.ActiveCfg = Debug|x86
		{CE29CF79-9996-4A03-B0F4-8DD8E741D450}.Debug|x86.Build.0 = Debug|x86
		{CE29CF79-9996-4A03-B0F4-8DD8E741D450}.Release|Any CPU.ActiveCfg = Release|Any CPU
		{CE29CF79-9996-4A03-B0F4-8DD8E741D450}.Release|Any CPU.Build.0 = Release|Any CPU
		{CE29CF79-9996-4A03-B0F4-8DD8E741D450}.Release|x86.ActiveCfg = Release|x86
		{CE29CF79-9996-4A03-B0F4-8DD8E741D450}.Release|x86.Build.0 = Release|x86
		{6587E951-33AF-45B8-8CCA-783D4B8D316B}.Debug|Any CPU.ActiveCfg = Debug|Any CPU
		{6587E951-33AF-45B8-8CCA-783D4B8D316B}.Debug|Any CPU.Build.0 = Debug|Any CPU
		{6587E951-33AF-45B8-8CCA-783D4B8D316B}.Debug|x86.ActiveCfg = Debug|x86
		{6587E951-33AF-45B8-8CCA-783D4B8D316B}.Debug|x86.Build.0 = Debug|x86
		{6587E951-33AF-45B8-8CCA-783D4B8D316B}.Release|Any CPU.ActiveCfg = Release|Any CPU
		{6587E951-33AF-45B8-8CCA-783D4B8D316B}.Release|Any CPU.Build.0 = Release|Any CPU
		{6587E951-33AF-45B8-8CCA-783D4B8D316B}.Release|x86.ActiveCfg = Release|x86
		{6587E951-33AF-45B8-8CCA-783D4B8D316B}.Release|x86.Build.0 = Release|x86
	EndGlobalSection
	GlobalSection(SolutionProperties) = preSolution
		HideSolutionNode = FALSE
	EndGlobalSection
	GlobalSection(ExtensibilityGlobals) = postSolution
		SolutionGuid = {74D2D27C-F1A7-468E-8D48-E4EA037DF7FF}
	EndGlobalSection
EndGlobal
